
Microsoft Visual Studio Solution File, Format Version 12.00
# Visual Studio 15
Project("{FAE04EC0-301F-11D3-BF4B-00C04F79EFBC}") = "Assembly-CSharp", "Assembly-CSharp.csproj", "{EC1B7C36-7CA4-4CEB-221C-A85CA3FE034E}"
EndProject
Project("{FAE04EC0-301F-11D3-BF4B-00C04F79EFBC}") = "Oculus.VR", "Oculus.VR.csproj", "{B36DEE12-1E69-7F49-B221-11D1B2D567A6}"
EndProject
Project("{FAE04EC0-301F-11D3-BF4B-00C04F79EFBC}") = "Oculus.Platform", "Oculus.Platform.csproj", "{E50AD10C-F3DD-7B63-25B9-994B4DB9C067}"
EndProject
Project("{FAE04EC0-301F-11D3-BF4B-00C04F79EFBC}") = "Assembly-CSharp-Editor", "Assembly-CSharp-Editor.csproj", "{9EAA7591-989E-B521-FDEA-A0159101E609}"
EndProject
Project("{FAE04EC0-301F-11D3-BF4B-00C04F79EFBC}") = "Oculus.VR.Scripts.Editor", "Oculus.VR.Scripts.Editor.csproj", "{450AACBA-7B7E-23BC-B6E5-A8F3BFAB856C}"
EndProject
Project("{FAE04EC0-301F-11D3-BF4B-00C04F79EFBC}") = "Oculus.VR.Editor", "Oculus.VR.Editor.csproj", "{938EF387-9727-8966-BA75-23F44178E506}"
EndProject
Project("{FAE04EC0-301F-11D3-BF4B-00C04F79EFBC}") = "Oculus.Platform.Editor", "Oculus.Platform.Editor.csproj", "{322E4B19-5569-88D4-CCDA-FA10A54D4AC9}"
EndProject
Global
	GlobalSection(SolutionConfigurationPlatforms) = preSolution
		Debug|Any CPU = Debug|Any CPU
		Release|Any CPU = Release|Any CPU
	EndGlobalSection
	GlobalSection(ProjectConfigurationPlatforms) = postSolution
		{EC1B7C36-7CA4-4CEB-221C-A85CA3FE034E}.Debug|Any CPU.ActiveCfg = Debug|Any CPU
		{EC1B7C36-7CA4-4CEB-221C-A85CA3FE034E}.Debug|Any CPU.Build.0 = Debug|Any CPU
		{EC1B7C36-7CA4-4CEB-221C-A85CA3FE034E}.Release|Any CPU.ActiveCfg = Release|Any CPU
		{EC1B7C36-7CA4-4CEB-221C-A85CA3FE034E}.Release|Any CPU.Build.0 = Release|Any CPU
		{B36DEE12-1E69-7F49-B221-11D1B2D567A6}.Debug|Any CPU.ActiveCfg = Debug|Any CPU
		{B36DEE12-1E69-7F49-B221-11D1B2D567A6}.Debug|Any CPU.Build.0 = Debug|Any CPU
		{B36DEE12-1E69-7F49-B221-11D1B2D567A6}.Release|Any CPU.ActiveCfg = Release|Any CPU
		{B36DEE12-1E69-7F49-B221-11D1B2D567A6}.Release|Any CPU.Build.0 = Release|Any CPU
		{E50AD10C-F3DD-7B63-25B9-994B4DB9C067}.Debug|Any CPU.ActiveCfg = Debug|Any CPU
		{E50AD10C-F3DD-7B63-25B9-994B4DB9C067}.Debug|Any CPU.Build.0 = Debug|Any CPU
		{E50AD10C-F3DD-7B63-25B9-994B4DB9C067}.Release|Any CPU.ActiveCfg = Release|Any CPU
		{E50AD10C-F3DD-7B63-25B9-994B4DB9C067}.Release|Any CPU.Build.0 = Release|Any CPU
		{9EAA7591-989E-B521-FDEA-A0159101E609}.Debug|Any CPU.ActiveCfg = Debug|Any CPU
		{9EAA7591-989E-B521-FDEA-A0159101E609}.Debug|Any CPU.Build.0 = Debug|Any CPU
		{9EAA7591-989E-B521-FDEA-A0159101E609}.Release|Any CPU.ActiveCfg = Release|Any CPU
		{9EAA7591-989E-B521-FDEA-A0159101E609}.Release|Any CPU.Build.0 = Release|Any CPU
		{450AACBA-7B7E-23BC-B6E5-A8F3BFAB856C}.Debug|Any CPU.ActiveCfg = Debug|Any CPU
		{450AACBA-7B7E-23BC-B6E5-A8F3BFAB856C}.Debug|Any CPU.Build.0 = Debug|Any CPU
		{450AACBA-7B7E-23BC-B6E5-A8F3BFAB856C}.Release|Any CPU.ActiveCfg = Release|Any CPU
		{450AACBA-7B7E-23BC-B6E5-A8F3BFAB856C}.Release|Any CPU.Build.0 = Release|Any CPU
		{938EF387-9727-8966-BA75-23F44178E506}.Debug|Any CPU.ActiveCfg = Debug|Any CPU
		{938EF387-9727-8966-BA75-23F44178E506}.Debug|Any CPU.Build.0 = Debug|Any CPU
		{938EF387-9727-8966-BA75-23F44178E506}.Release|Any CPU.ActiveCfg = Release|Any CPU
		{938EF387-9727-8966-BA75-23F44178E506}.Release|Any CPU.Build.0 = Release|Any CPU
		{322E4B19-5569-88D4-CCDA-FA10A54D4AC9}.Debug|Any CPU.ActiveCfg = Debug|Any CPU
		{322E4B19-5569-88D4-CCDA-FA10A54D4AC9}.Debug|Any CPU.Build.0 = Debug|Any CPU
		{322E4B19-5569-88D4-CCDA-FA10A54D4AC9}.Release|Any CPU.ActiveCfg = Release|Any CPU
		{322E4B19-5569-88D4-CCDA-FA10A54D4AC9}.Release|Any CPU.Build.0 = Release|Any CPU
	EndGlobalSection
	GlobalSection(SolutionProperties) = preSolution
		HideSolutionNode = FALSE
	EndGlobalSection
EndGlobal
